
Microsoft Visual Studio Solution File, Format Version 12.00
# Visual Studio Version 16
VisualStudioVersion = 16.0.31911.196
MinimumVisualStudioVersion = 10.0.40219.1
Project("{FAE04EC0-301F-11D3-BF4B-00C04F79EFBC}") = "ListViewApp.UWP", "ListViewApp\ListViewApp.UWP\ListViewApp.UWP.csproj", "{76C43DE3-2F48-485A-9BC0-9F4344B7B594}"
EndProject
Project("{FAE04EC0-301F-11D3-BF4B-00C04F79EFBC}") = "ListViewApp.Android", "ListViewApp\ListViewApp.Android\ListViewApp.Android.csproj", "{121978E2-3845-4F8E-BC90-2AF753CCAACA}"
EndProject
Project("{FAE04EC0-301F-11D3-BF4B-00C04F79EFBC}") = "ListViewApp.iOS", "ListViewApp\ListViewApp.iOS\ListViewApp.iOS.csproj", "{4F338272-E0C5-4584-B84D-0BF6CC475FE7}"
EndProject
Project("{FAE04EC0-301F-11D3-BF4B-00C04F79EFBC}") = "ListViewApp", "ListViewApp\ListViewApp\ListViewApp.csproj", "{F17875BB-5A64-4169-8C0E-CC66188CE452}"
EndProject
Global
	GlobalSection(SolutionConfigurationPlatforms) = preSolution
		Debug|Any CPU = Debug|Any CPU
		Debug|ARM = Debug|ARM
		Debug|iPhone = Debug|iPhone
		Debug|iPhoneSimulator = Debug|iPhoneSimulator
		Debug|x64 = Debug|x64
		Debug|x86 = Debug|x86
		Release|Any CPU = Release|Any CPU
		Release|ARM = Release|ARM
		Release|iPhone = Release|iPhone
		Release|iPhoneSimulator = Release|iPhoneSimulator
		Release|x64 = Release|x64
		Release|x86 = Release|x86
	EndGlobalSection
	GlobalSection(ProjectConfigurationPlatforms) = postSolution
		{76C43DE3-2F48-485A-9BC0-9F4344B7B594}.Debug|Any CPU.ActiveCfg = Debug|x86
		{76C43DE3-2F48-485A-9BC0-9F4344B7B594}.Debug|Any CPU.Build.0 = Debug|x86
		{76C43DE3-2F48-485A-9BC0-9F4344B7B594}.Debug|Any CPU.Deploy.0 = Debug|x86
		{76C43DE3-2F48-485A-9BC0-9F4344B7B594}.Debug|ARM.ActiveCfg = Debug|ARM
		{76C43DE3-2F48-485A-9BC0-9F4344B7B594}.Debug|ARM.Build.0 = Debug|ARM
		{76C43DE3-2F48-485A-9BC0-9F4344B7B594}.Debug|ARM.Deploy.0 = Debug|ARM
		{76C43DE3-2F48-485A-9BC0-9F4344B7B594}.Debug|iPhone.ActiveCfg = Debug|x86
		{76C43DE3-2F48-485A-9BC0-9F4344B7B594}.Debug|iPhone.Build.0 = Debug|x86
		{76C43DE3-2F48-485A-9BC0-9F4344B7B594}.Debug|iPhone.Deploy.0 = Debug|x86
		{76C43DE3-2F48-485A-9BC0-9F4344B7B594}.Debug|iPhoneSimulator.ActiveCfg = Debug|x86
		{76C43DE3-2F48-485A-9BC0-9F4344B7B594}.Debug|iPhoneSimulator.Build.0 = Debug|x86
		{76C43DE3-2F48-485A-9BC0-9F4344B7B594}.Debug|iPhoneSimulator.Deploy.0 = Debug|x86
		{76C43DE3-2F48-485A-9BC0-9F4344B7B594}.Debug|x64.ActiveCfg = Debug|x64
		{76C43DE3-2F48-485A-9BC0-9F4344B7B594}.Debug|x64.Build.0 = Debug|x64
		{76C43DE3-2F48-485A-9BC0-9F4344B7B594}.Debug|x64.Deploy.0 = Debug|x64
		{76C43DE3-2F48-485A-9BC0-9F4344B7B594}.Debug|x86.ActiveCfg = Debug|x86
		{76C43DE3-2F48-485A-9BC0-9F4344B7B594}.Debug|x86.Build.0 = Debug|x86
		{76C43DE3-2F48-485A-9BC0-9F4344B7B594}.Debug|x86.Deploy.0 = Debug|x86
		{76C43DE3-2F48-485A-9BC0-9F4344B7B594}.Release|Any CPU.ActiveCfg = Release|x86
		{76C43DE3-2F48-485A-9BC0-9F4344B7B594}.Release|Any CPU.Build.0 = Release|x86
		{76C43DE3-2F48-485A-9BC0-9F4344B7B594}.Release|Any CPU.Deploy.0 = Release|x86
		{76C43DE3-2F48-485A-9BC0-9F4344B7B594}.Release|ARM.ActiveCfg = Release|ARM
		{76C43DE3-2F48-485A-9BC0-9F4344B7B594}.Release|ARM.Build.0 = Release|ARM
		{76C43DE3-2F48-485A-9BC0-9F4344B7B594}.Release|ARM.Deploy.0 = Release|ARM
		{76C43DE3-2F48-485A-9BC0-9F4344B7B594}.Release|iPhone.ActiveCfg = Release|x86
		{76C43DE3-2F48-485A-9BC0-9F4344B7B594}.Release|iPhone.Build.0 = Release|x86
		{76C43DE3-2F48-485A-9BC0-9F4344B7B594}.Release|iPhone.Deploy.0 = Release|x86
		{76C43DE3-2F48-485A-9BC0-9F4344B7B594}.Release|iPhoneSimulator.ActiveCfg = Release|x86
		{76C43DE3-2F48-485A-9BC0-9F4344B7B594}.Release|iPhoneSimulator.Build.0 = Release|x86
		{76C43DE3-2F48-485A-9BC0-9F4344B7B594}.Release|iPhoneSimulator.Deploy.0 = Release|x86
		{76C43DE3-2F48-485A-9BC0-9F4344B7B594}.Release|x64.ActiveCfg = Release|x64
		{76C43DE3-2F48-485A-9BC0-9F4344B7B594}.Release|x64.Build.0 = Release|x64
		{76C43DE3-2F48-485A-9BC0-9F4344B7B594}.Release|x64.Deploy.0 = Release|x64
		{76C43DE3-2F48-485A-9BC0-9F4344B7B594}.Release|x86.ActiveCfg = Release|x86
		{76C43DE3-2F48-485A-9BC0-9F4344B7B594}.Release|x86.Build.0 = Release|x86
		{76C43DE3-2F48-485A-9BC0-9F4344B7B594}.Release|x86.Deploy.0 = Release|x86
		{121978E2-3845-4F8E-BC90-2AF753CCAACA}.Debug|Any CPU.ActiveCfg = Debug|Any CPU
		{121978E2-3845-4F8E-BC90-2AF753CCAACA}.Debug|Any CPU.Build.0 = Debug|Any CPU
		{121978E2-3845-4F8E-BC90-2AF753CCAACA}.Debug|Any CPU.Deploy.0 = Debug|Any CPU
		{121978E2-3845-4F8E-BC90-2AF753CCAACA}.Debug|ARM.ActiveCfg = Debug|Any CPU
		{121978E2-3845-4F8E-BC90-2AF753CCAACA}.Debug|ARM.Build.0 = Debug|Any CPU
		{121978E2-3845-4F8E-BC90-2AF753CCAACA}.Debug|ARM.Deploy.0 = Debug|Any CPU
		{121978E2-3845-4F8E-BC90-2AF753CCAACA}.Debug|iPhone.ActiveCfg = Debug|Any CPU
		{121978E2-3845-4F8E-BC90-2AF753CCAACA}.Debug|iPhone.Build.0 = Debug|Any CPU
		{121978E2-3845-4F8E-BC90-2AF753CCAACA}.Debug|iPhone.Deploy.0 = Debug|Any CPU
		{121978E2-3845-4F8E-BC90-2AF753CCAACA}.Debug|iPhoneSimulator.ActiveCfg = Debug|Any CPU
		{121978E2-3845-4F8E-BC90-2AF753CCAACA}.Debug|iPhoneSimulator.Build.0 = Debug|Any CPU
		{121978E2-3845-4F8E-BC90-2AF753CCAACA}.Debug|iPhoneSimulator.Deploy.0 = Debug|Any CPU
		{121978E2-3845-4F8E-BC90-2AF753CCAACA}.Debug|x64.ActiveCfg = Debug|Any CPU
		{121978E2-3845-4F8E-BC90-2AF753CCAACA}.Debug|x64.Build.0 = Debug|Any CPU
		{121978E2-3845-4F8E-BC90-2AF753CCAACA}.Debug|x64.Deploy.0 = Debug|Any CPU
		{121978E2-3845-4F8E-BC90-2AF753CCAACA}.Debug|x86.ActiveCfg = Debug|Any CPU
		{121978E2-3845-4F8E-BC90-2AF753CCAACA}.Debug|x86.Build.0 = Debug|Any CPU
		{121978E2-3845-4F8E-BC90-2AF753CCAACA}.Debug|x86.Deploy.0 = Debug|Any CPU
		{121978E2-3845-4F8E-BC90-2AF753CCAACA}.Release|Any CPU.ActiveCfg = Release|Any CPU
		{121978E2-3845-4F8E-BC90-2AF753CCAACA}.Release|Any CPU.Build.0 = Release|Any CPU
		{121978E2-3845-4F8E-BC90-2AF753CCAACA}.Release|Any CPU.Deploy.0 = Release|Any CPU
		{121978E2-3845-4F8E-BC90-2AF753CCAACA}.Release|ARM.ActiveCfg = Release|Any CPU
		{121978E2-3845-4F8E-BC90-2AF753CCAACA}.Release|ARM.Build.0 = Release|Any CPU
		{121978E2-3845-4F8E-BC90-2AF753CCAACA}.Release|ARM.Deploy.0 = Release|Any CPU
		{121978E2-3845-4F8E-BC90-2AF753CCAACA}.Release|iPhone.ActiveCfg = Release|Any CPU
		{121978E2-3845-4F8E-BC90-2AF753CCAACA}.Release|iPhone.Build.0 = Release|Any CPU
		{121978E2-3845-4F8E-BC90-2AF753CCAACA}.Release|iPhone.Deploy.0 = Release|Any CPU
		{121978E2-3845-4F8E-BC90-2AF753CCAACA}.Release|iPhoneSimulator.ActiveCfg = Release|Any CPU
		{121978E2-3845-4F8E-BC90-2AF753CCAACA}.Release|iPhoneSimulator.Build.0 = Release|Any CPU
		{121978E2-3845-4F8E-BC90-2AF753CCAACA}.Release|iPhoneSimulator.Deploy.0 = Release|Any CPU
		{121978E2-3845-4F8E-BC90-2AF753CCAACA}.Release|x64.ActiveCfg = Release|Any CPU
		{121978E2-3845-4F8E-BC90-2AF753CCAACA}.Release|x64.Build.0 = Release|Any CPU
		{121978E2-3845-4F8E-BC90-2AF753CCAACA}.Release|x64.Deploy.0 = Release|Any CPU
		{121978E2-3845-4F8E-BC90-2AF753CCAACA}.Release|x86.ActiveCfg = Release|Any CPU
		{121978E2-3845-4F8E-BC90-2AF753CCAACA}.Release|x86.Build.0 = Release|Any CPU
		{121978E2-3845-4F8E-BC90-2AF753CCAACA}.Release|x86.Deploy.0 = Release|Any CPU
		{4F338272-E0C5-4584-B84D-0BF6CC475FE7}.Debug|Any CPU.ActiveCfg = Debug|iPhoneSimulator
		{4F338272-E0C5-4584-B84D-0BF6CC475FE7}.Debug|Any CPU.Build.0 = Debug|iPhoneSimulator
		{4F338272-E0C5-4584-B84D-0BF6CC475FE7}.Debug|Any CPU.Deploy.0 = Debug|iPhoneSimulator
		{4F338272-E0C5-4584-B84D-0BF6CC475FE7}.Debug|ARM.ActiveCfg = Debug|iPhone
		{4F338272-E0C5-4584-B84D-0BF6CC475FE7}.Debug|ARM.Build.0 = Debug|iPhone
		{4F338272-E0C5-4584-B84D-0BF6CC475FE7}.Debug|ARM.Deploy.0 = Debug|iPhone
		{4F338272-E0C5-4584-B84D-0BF6CC475FE7}.Debug|iPhone.ActiveCfg = Debug|iPhone
		{4F338272-E0C5-4584-B84D-0BF6CC475FE7}.Debug|iPhone.Build.0 = Debug|iPhone
		{4F338272-E0C5-4584-B84D-0BF6CC475FE7}.Debug|iPhone.Deploy.0 = Debug|iPhone
		{4F338272-E0C5-4584-B84D-0BF6CC475FE7}.Debug|iPhoneSimulator.ActiveCfg = Debug|iPhoneSimulator
		{4F338272-E0C5-4584-B84D-0BF6CC475FE7}.Debug|iPhoneSimulator.Build.0 = Debug|iPhoneSimulator
		{4F338272-E0C5-4584-B84D-0BF6CC475FE7}.Debug|iPhoneSimulator.Deploy.0 = Debug|iPhoneSimulator
		{4F338272-E0C5-4584-B84D-0BF6CC475FE7}.Debug|x64.ActiveCfg = Debug|iPhoneSimulator
		{4F338272-E0C5-4584-B84D-0BF6CC475FE7}.Debug|x64.Build.0 = Debug|iPhoneSimulator
		{4F338272-E0C5-4584-B84D-0BF6CC475FE7}.Debug|x64.Deploy.0 = Debug|iPhoneSimulator
		{4F338272-E0C5-4584-B84D-0BF6CC475FE7}.Debug|x86.ActiveCfg = Debug|iPhoneSimulator
		{4F338272-E0C5-4584-B84D-0BF6CC475FE7}.Debug|x86.Build.0 = Debug|iPhoneSimulator
		{4F338272-E0C5-4584-B84D-0BF6CC475FE7}.Debug|x86.Deploy.0 = Debug|iPhoneSimulator
		{4F338272-E0C5-4584-B84D-0BF6CC475FE7}.Release|Any CPU.ActiveCfg = Release|iPhoneSimulator
		{4F338272-E0C5-4584-B84D-0BF6CC475FE7}.Release|Any CPU.Build.0 = Release|iPhoneSimulator
		{4F338272-E0C5-4584-B84D-0BF6CC475FE7}.Release|Any CPU.Deploy.0 = Release|iPhoneSimulator
		{4F338272-E0C5-4584-B84D-0BF6CC475FE7}.Release|ARM.ActiveCfg = Release|iPhoneSimulator
		{4F338272-E0C5-4584-B84D-0BF6CC475FE7}.Release|ARM.Build.0 = Release|iPhoneSimulator
		{4F338272-E0C5-4584-B84D-0BF6CC475FE7}.Release|ARM.Deploy.0 = Release|iPhoneSimulator
		{4F338272-E0C5-4584-B84D-0BF6CC475FE7}.Release|iPhone.ActiveCfg = Release|iPhone
		{4F338272-E0C5-4584-B84D-0BF6CC475FE7}.Release|iPhone.Build.0 = Release|iPhone
		{4F338272-E0C5-4584-B84D-0BF6CC475FE7}.Release|iPhone.Deploy.0 = Release|iPhone
		{4F338272-E0C5-4584-B84D-0BF6CC475FE7}.Release|iPhoneSimulator.ActiveCfg = Release|iPhoneSimulator
		{4F338272-E0C5-4584-B84D-0BF6CC475FE7}.Release|iPhoneSimulator.Build.0 = Release|iPhoneSimulator
		{4F338272-E0C5-4584-B84D-0BF6CC475FE7}.Release|iPhoneSimulator.Deploy.0 = Release|iPhoneSimulator
		{4F338272-E0C5-4584-B84D-0BF6CC475FE7}.Release|x64.ActiveCfg = Release|iPhoneSimulator
		{4F338272-E0C5-4584-B84D-0BF6CC475FE7}.Release|x64.Build.0 = Release|iPhoneSimulator
		{4F338272-E0C5-4584-B84D-0BF6CC475FE7}.Release|x64.Deploy.0 = Release|iPhoneSimulator
		{4F338272-E0C5-4584-B84D-0BF6CC475FE7}.Release|x86.ActiveCfg = Release|iPhoneSimulator
		{4F338272-E0C5-4584-B84D-0BF6CC475FE7}.Release|x86.Build.0 = Release|iPhoneSimulator
		{4F338272-E0C5-4584-B84D-0BF6CC475FE7}.Release|x86.Deploy.0 = Release|iPhoneSimulator
		{F17875BB-5A64-4169-8C0E-CC66188CE452}.Debug|Any CPU.ActiveCfg = Debug|Any CPU
		{F17875BB-5A64-4169-8C0E-CC66188CE452}.Debug|Any CPU.Build.0 = Debug|Any CPU
		{F17875BB-5A64-4169-8C0E-CC66188CE452}.Debug|Any CPU.Deploy.0 = Debug|Any CPU
		{F17875BB-5A64-4169-8C0E-CC66188CE452}.Debug|ARM.ActiveCfg = Debug|Any CPU
		{F17875BB-5A64-4169-8C0E-CC66188CE452}.Debug|ARM.Build.0 = Debug|Any CPU
		{F17875BB-5A64-4169-8C0E-CC66188CE452}.Debug|ARM.Deploy.0 = Debug|Any CPU
		{F17875BB-5A64-4169-8C0E-CC66188CE452}.Debug|iPhone.ActiveCfg = Debug|Any CPU
		{F17875BB-5A64-4169-8C0E-CC66188CE452}.Debug|iPhone.Build.0 = Debug|Any CPU
		{F17875BB-5A64-4169-8C0E-CC66188CE452}.Debug|iPhone.Deploy.0 = Debug|Any CPU
		{F17875BB-5A64-4169-8C0E-CC66188CE452}.Debug|iPhoneSimulator.ActiveCfg = Debug|Any CPU
		{F17875BB-5A64-4169-8C0E-CC66188CE452}.Debug|iPhoneSimulator.Build.0 = Debug|Any CPU
		{F17875BB-5A64-4169-8C0E-CC66188CE452}.Debug|iPhoneSimulator.Deploy.0 = Debug|Any CPU
		{F17875BB-5A64-4169-8C0E-CC66188CE452}.Debug|x64.ActiveCfg = Debug|Any CPU
		{F17875BB-5A64-4169-8C0E-CC66188CE452}.Debug|x64.Build.0 = Debug|Any CPU
		{F17875BB-5A64-4169-8C0E-CC66188CE452}.Debug|x64.Deploy.0 = Debug|Any CPU
		{F17875BB-5A64-4169-8C0E-CC66188CE452}.Debug|x86.ActiveCfg = Debug|Any CPU
		{F17875BB-5A64-4169-8C0E-CC66188CE452}.Debug|x86.Build.0 = Debug|Any CPU
		{F17875BB-5A64-4169-8C0E-CC66188CE452}.Debug|x86.Deploy.0 = Debug|Any CPU
		{F17875BB-5A64-4169-8C0E-CC66188CE452}.Release|Any CPU.ActiveCfg = Release|Any CPU
		{F17875BB-5A64-4169-8C0E-CC66188CE452}.Release|Any CPU.Build.0 = Release|Any CPU
		{F17875BB-5A64-4169-8C0E-CC66188CE452}.Release|Any CPU.Deploy.0 = Release|Any CPU
		{F17875BB-5A64-4169-8C0E-CC66188CE452}.Release|ARM.ActiveCfg = Release|Any CPU
		{F17875BB-5A64-4169-8C0E-CC66188CE452}.Release|ARM.Build.0 = Release|Any CPU
		{F17875BB-5A64-4169-8C0E-CC66188CE452}.Release|ARM.Deploy.0 = Release|Any CPU
		{F17875BB-5A64-4169-8C0E-CC66188CE452}.Release|iPhone.ActiveCfg = Release|Any CPU
		{F17875BB-5A64-4169-8C0E-CC66188CE452}.Release|iPhone.Build.0 = Release|Any CPU
		{F17875BB-5A64-4169-8C0E-CC66188CE452}.Release|iPhone.Deploy.0 = Release|Any CPU
		{F17875BB-5A64-4169-8C0E-CC66188CE452}.Release|iPhoneSimulator.ActiveCfg = Release|Any CPU
		{F17875BB-5A64-4169-8C0E-CC66188CE452}.Release|iPhoneSimulator.Build.0 = Release|Any CPU
		{F17875BB-5A64-4169-8C0E-CC66188CE452}.Release|iPhoneSimulator.Deploy.0 = Release|Any CPU
		{F17875BB-5A64-4169-8C0E-CC66188CE452}.Release|x64.ActiveCfg = Release|Any CPU
		{F17875BB-5A64-4169-8C0E-CC66188CE452}.Release|x64.Build.0 = Release|Any CPU
		{F17875BB-5A64-4169-8C0E-CC66188CE452}.Release|x64.Deploy.0 = Release|Any CPU
		{F17875BB-5A64-4169-8C0E-CC66188CE452}.Release|x86.ActiveCfg = Release|Any CPU
		{F17875BB-5A64-4169-8C0E-CC66188CE452}.Release|x86.Build.0 = Release|Any CPU
		{F17875BB-5A64-4169-8C0E-CC66188CE452}.Release|x86.Deploy.0 = Release|Any CPU
	EndGlobalSection
	GlobalSection(SolutionProperties) = preSolution
		HideSolutionNode = FALSE
	EndGlobalSection
	GlobalSection(ExtensibilityGlobals) = postSolution
		SolutionGuid = {E09B3481-0657-40EB-BBFE-5EF896FE5397}
	EndGlobalSection
EndGlobal
